
Microsoft Visual Studio Solution File, Format Version 12.00
# Visual Studio Version 16
VisualStudioVersion = 16.0.32428.217
MinimumVisualStudioVersion = 10.0.40219.1
Project("{9A19103F-16F7-4668-BE54-9A1E7A4F7556}") = "EmployeeMangement", "EmployeeMangement\EmployeeMangement.csproj", "{6FB2F578-6F2C-45A0-8913-AF59898BC7AA}"
EndProject
Global
	GlobalSection(SolutionConfigurationPlatforms) = preSolution
		Debug|Any CPU = Debug|Any CPU
		Release|Any CPU = Release|Any CPU
	EndGlobalSection
	GlobalSection(ProjectConfigurationPlatforms) = postSolution
		{6FB2F578-6F2C-45A0-8913-AF59898BC7AA}.Debug|Any CPU.ActiveCfg = Debug|Any CPU
		{6FB2F578-6F2C-45A0-8913-AF59898BC7AA}.Debug|Any CPU.Build.0 = Debug|Any CPU
		{6FB2F578-6F2C-45A0-8913-AF59898BC7AA}.Release|Any CPU.ActiveCfg = Release|Any CPU
		{6FB2F578-6F2C-45A0-8913-AF59898BC7AA}.Release|Any CPU.Build.0 = Release|Any CPU
	EndGlobalSection
	GlobalSection(SolutionProperties) = preSolution
		HideSolutionNode = FALSE
	EndGlobalSection
	GlobalSection(ExtensibilityGlobals) = postSolution
		SolutionGuid = {C43E83E8-26C3-485D-AC45-182873D82095}
	EndGlobalSection
EndGlobal
